# @generated - this file is auto-generated by `mise lock` https://mise.jdx.dev/dev-tools/mise-lock.html

lockfile_version = 3

[[tools.claude-code]]
version = "2.1.288"
backend = "aqua:anthropics/claude-code"
specifiers = ["latest"]

[tools.claude-code."platforms.macos-arm64"]
checksum = "sha256:86616c1bdb2d3581343b41bf1674b936991d74d14b6d5cf205194cd7d2e104fe"
url = "https://github.com/anthropics/claude-code/releases/download/v2.1.288/claude-darwin-arm64.tar.gz"
url_api = "https://api.github.com/repos/anthropics/claude-code/releases/assets/606215765"

[[tools.codex]]
version = "0.160.0"
backend = "aqua:openai/codex"
specifiers = ["latest"]

[tools.codex."platforms.macos-arm64"]
checksum = "sha256:007df41b607dbbc8d204b9746ce7fed2d4ce6c813f44c32ceee54175ca796525"
url = "https://github.com/openai/codex/releases/download/rust-v0.160.0/codex-package-aarch64-apple-darwin.tar.gz"
url_api = "https://api.github.com/repos/openai/codex/releases/assets/604060802"

[[tools.fd]]
version = "10.5.0"
backend = "aqua:sharkdp/fd"
specifiers = ["latest"]

[tools.fd."platforms.linux-arm64"]
checksum = "sha256:c0ee43802e3313a317c5af2f4eabd6ba13eeedd595af9775f05e18a13ac4f52c"
url = "https://github.com/sharkdp/fd/releases/download/v10.5.0/fd-v10.5.0-aarch64-unknown-linux-gnu.tar.gz"
url_api = "https://api.github.com/repos/sharkdp/fd/releases/assets/530482307"

[tools.fd."platforms.linux-arm64-musl"]
checksum = "sha256:d76c4317f7d5dba69f8a2a15856c90c777e7f0dd4e85f0de8c76de6992c374d4"
url = "https://github.com/sharkdp/fd/releases/download/v10.5.0/fd-v10.5.0-aarch64-unknown-linux-musl.tar.gz"
url_api = "https://api.github.com/repos/sharkdp/fd/releases/assets/530481810"

[tools.fd."platforms.linux-x64"]
checksum = "sha256:a1259cd129636efbc3fef123525c1b49e88fe5088c012630983c310e52fdfa95"
url = "https://github.com/sharkdp/fd/releases/download/v10.5.0/fd-v10.5.0-x86_64-unknown-linux-gnu.tar.gz"
url_api = "https://api.github.com/repos/sharkdp/fd/releases/assets/530481615"

[tools.fd."platforms.linux-x64-musl"]
checksum = "sha256:761c72dc8e120d85b22292063be8a796e2eeb20eb3e4f38b8fa2343ccf3514a7"
url = "https://github.com/sharkdp/fd/releases/download/v10.5.0/fd-v10.5.0-x86_64-unknown-linux-musl.tar.gz"
url_api = "https://api.github.com/repos/sharkdp/fd/releases/assets/530481315"

[tools.fd."platforms.macos-arm64"]
checksum = "sha256:b67e1836c468e42e411984b56e52fa7abec08c2bd22c867398e7cc134aac5e12"
url = "https://github.com/sharkdp/fd/releases/download/v10.5.0/fd-v10.5.0-aarch64-apple-darwin.tar.gz"
url_api = "https://api.github.com/repos/sharkdp/fd/releases/assets/530481346"

[tools.fd."platforms.macos-x64"]
checksum = "sha256:7e31028c62c6955877735d0406807aa484c2a5e6f86235a59e26c29c301da590"
url = "https://github.com/sharkdp/fd/releases/download/v10.5.0/fd-v10.5.0-x86_64-apple-darwin.tar.gz"
url_api = "https://api.github.com/repos/sharkdp/fd/releases/assets/530484719"

[tools.fd."platforms.windows-x64"]
checksum = "sha256:a227701b8551c35a9931d9f6da75503cf86d88e182d71fb849a70864c5d57cd7"
url = "https://github.com/sharkdp/fd/releases/download/v10.5.0/fd-v10.5.0-x86_64-pc-windows-msvc.zip"
url_api = "https://api.github.com/repos/sharkdp/fd/releases/assets/530482901"

[[tools.gh]]
version = "2.102.0"
backend = "aqua:cli/cli"
specifiers = ["latest"]

[tools.gh."platforms.linux-arm64"]
checksum = "sha256:7862c86c72f43df3a2d93ddde6f473285b4e2af61b494849846827e513ef6484"
url = "https://github.com/cli/cli/releases/download/v2.102.0/gh_2.102.0_linux_arm64.tar.gz"
url_api = "https://api.github.com/repos/cli/cli/releases/assets/599854680"
provenance = "github-attestations"

[tools.gh."platforms.linux-arm64-musl"]
checksum = "sha256:7862c86c72f43df3a2d93ddde6f473285b4e2af61b494849846827e513ef6484"
url = "https://github.com/cli/cli/releases/download/v2.102.0/gh_2.102.0_linux_arm64.tar.gz"
url_api = "https://api.github.com/repos/cli/cli/releases/assets/599854680"
provenance = "github-attestations"

[tools.gh."platforms.linux-x64"]
checksum = "sha256:bb766f710eef8ede859c18578c72c327597cd4c8a85b06001b1f3843c6019386"
url = "https://github.com/cli/cli/releases/download/v2.102.0/gh_2.102.0_linux_amd64.tar.gz"
url_api = "https://api.github.com/repos/cli/cli/releases/assets/599854672"
provenance = "github-attestations"

[tools.gh."platforms.linux-x64-musl"]
checksum = "sha256:bb766f710eef8ede859c18578c72c327597cd4c8a85b06001b1f3843c6019386"
url = "https://github.com/cli/cli/releases/download/v2.102.0/gh_2.102.0_linux_amd64.tar.gz"
url_api = "https://api.github.com/repos/cli/cli/releases/assets/599854672"
provenance = "github-attestations"

[tools.gh."platforms.macos-arm64"]
checksum = "sha256:da922c20d1792e5b2cbf375593d7a658acf034c12c84e007e71c76ef959c337e"
url = "https://github.com/cli/cli/releases/download/v2.102.0/gh_2.102.0_macOS_arm64.zip"
url_api = "https://api.github.com/repos/cli/cli/releases/assets/599854720"
provenance = "github-attestations"

[tools.gh."platforms.macos-x64"]
checksum = "sha256:b245f24eb2bf5f75b426b4c26da3651a107f8d5b6f4fddfbfccc5679041378b3"
url = "https://github.com/cli/cli/releases/download/v2.102.0/gh_2.102.0_macOS_amd64.zip"
url_api = "https://api.github.com/repos/cli/cli/releases/assets/599854716"
provenance = "github-attestations"

[tools.gh."platforms.windows-x64"]
checksum = "sha256:ae64e556ecc240b200f7eba60d550e4bb60d78e860e69dd88c449405b86067f4"
url = "https://github.com/cli/cli/releases/download/v2.102.0/gh_2.102.0_windows_amd64.zip"
url_api = "https://api.github.com/repos/cli/cli/releases/assets/599854760"
provenance = "github-attestations"

[[tools.node]]
version = "24.21.0"
backend = "core:node"
specifiers = ["lts"]

[tools.node."platforms.linux-arm64"]
checksum = "sha256:724282c3b43aec998aa9527380465b45d229e021b58035f5f4f63095eabfe5d5"
url = "https://nodejs.org/dist/v24.21.0/node-v24.21.0-linux-arm64.tar.gz"

[tools.node."platforms.linux-arm64-musl"]
checksum = "sha256:3048b0811e158ca0d8672b59c839861763e144492980d8d29b369dfee45747e4"
url = "https://unofficial-builds.nodejs.org/download/release/v24.21.0/node-v24.21.0-linux-arm64-musl.tar.gz"

[tools.node."platforms.linux-x64"]
checksum = "sha256:6e1db87ef58b8819e5d5402eff1536491b18edd8eb7bee5ef7897876e88dc5ff"
url = "https://nodejs.org/dist/v24.21.0/node-v24.21.0-linux-x64.tar.gz"

[tools.node."platforms.linux-x64-musl"]
checksum = "sha256:01a713e34da98e7b4d2a3191ee7ca3f93dd0384d1a2ef23c379b2161ee6e133a"
url = "https://unofficial-builds.nodejs.org/download/release/v24.21.0/node-v24.21.0-linux-x64-musl.tar.gz"

[tools.node."platforms.macos-arm64"]
checksum = "sha256:bed7eea5325e1108f32ce5228ddd6a5f0f08a499ee42aa7442aea583702f6057"
url = "https://nodejs.org/dist/v24.21.0/node-v24.21.0-darwin-arm64.tar.gz"

[tools.node."platforms.macos-x64"]
checksum = "sha256:1462cb3b3046b815cf8ea436d3da450ec1a9f11dac7e5a46b0ada5305d7e8097"
url = "https://nodejs.org/dist/v24.21.0/node-v24.21.0-darwin-x64.tar.gz"

[tools.node."platforms.windows-x64"]
checksum = "sha256:158f7685b44de51f6c0df1d153526cbcd3e1bc739a8dfc607721cef75de9e541"
url = "https://nodejs.org/dist/v24.21.0/node-v24.21.0-win-x64.zip"

[[tools.pi]]
version = "1.0.1"
backend = "aqua:earendil-works/pi"
specifiers = ["latest"]

[tools.pi."platforms.macos-arm64"]
checksum = "sha256:de35e0025b136eb37693054ca658c010b6327a12aaff438ae87c4d1c94f99e6c"
url = "https://github.com/earendil-works/pi/releases/download/v1.0.1/pi-darwin-arm64.tar.gz"
url_api = "https://api.github.com/repos/earendil-works/pi/releases/assets/607772279"

[[tools.ripgrep]]
version = "15.2.0"
backend = "aqua:BurntSushi/ripgrep"
specifiers = ["latest"]

[tools.ripgrep."platforms.linux-arm64"]
checksum = "sha256:a740b91c82eaf9914cfedd353572f2791cbe0162c84101ee0951058f4dcbc90d"
url = "https://github.com/BurntSushi/ripgrep/releases/download/15.2.0/ripgrep-15.2.0-aarch64-unknown-linux-gnu.tar.gz"
url_api = "https://api.github.com/repos/BurntSushi/ripgrep/releases/assets/478119579"

[tools.ripgrep."platforms.linux-arm64-musl"]
checksum = "sha256:800b1e7206afe799dfb5a6901f23147cfaabe0e52210538100f61e86e1740915"
url = "https://github.com/BurntSushi/ripgrep/releases/download/15.2.0/ripgrep-15.2.0-aarch64-unknown-linux-musl.tar.gz"
url_api = "https://api.github.com/repos/BurntSushi/ripgrep/releases/assets/478120060"

[tools.ripgrep."platforms.linux-x64"]
checksum = "sha256:33e15bcf1624b25cdd2a55813a47a2f95dbe126268203e76aa6a585d1e7b149c"
url = "https://github.com/BurntSushi/ripgrep/releases/download/15.2.0/ripgrep-15.2.0-x86_64-unknown-linux-musl.tar.gz"
url_api = "https://api.github.com/repos/BurntSushi/ripgrep/releases/assets/478120097"

[tools.ripgrep."platforms.linux-x64-musl"]
checksum = "sha256:33e15bcf1624b25cdd2a55813a47a2f95dbe126268203e76aa6a585d1e7b149c"
url = "https://github.com/BurntSushi/ripgrep/releases/download/15.2.0/ripgrep-15.2.0-x86_64-unknown-linux-musl.tar.gz"
url_api = "https://api.github.com/repos/BurntSushi/ripgrep/releases/assets/478120097"

[tools.ripgrep."platforms.macos-arm64"]
checksum = "sha256:3750b2e93f37e0c692657da574d7019a101c0084da05a790c83fd335bad973e4"
url = "https://github.com/BurntSushi/ripgrep/releases/download/15.2.0/ripgrep-15.2.0-aarch64-apple-darwin.tar.gz"
url_api = "https://api.github.com/repos/BurntSushi/ripgrep/releases/assets/478118851"

[tools.ripgrep."platforms.macos-x64"]
checksum = "sha256:af7825fcc69a2afc7a7aea55fc9af90e26421d8f20fe59df32e233c0b8a231c1"
url = "https://github.com/BurntSushi/ripgrep/releases/download/15.2.0/ripgrep-15.2.0-x86_64-apple-darwin.tar.gz"
url_api = "https://api.github.com/repos/BurntSushi/ripgrep/releases/assets/478119585"

[tools.ripgrep."platforms.windows-x64"]
checksum = "sha256:71b2fef860abe467217a538ff31de02f5258807c0129f771846f87bd029aafc5"
url = "https://github.com/BurntSushi/ripgrep/releases/download/15.2.0/ripgrep-15.2.0-x86_64-pc-windows-msvc.zip"
url_api = "https://api.github.com/repos/BurntSushi/ripgrep/releases/assets/478119643"

[[tools.rtk]]
version = "0.51.0"
backend = "aqua:rtk-ai/rtk"
specifiers = ["latest"]

[tools.rtk."platforms.linux-arm64"]
checksum = "sha256:8d6d1aad9e69b42481eda7039507d1f7ee93698f87713cecd873d287c1931632"
url = "https://github.com/rtk-ai/rtk/releases/download/v0.51.0/rtk-aarch64-unknown-linux-gnu.tar.gz"
url_api = "https://api.github.com/repos/rtk-ai/rtk/releases/assets/605695144"

[tools.rtk."platforms.linux-x64"]
checksum = "sha256:5028d3b19a8f0990d30fec9fbb07e32782bc5698e618fb1861aad8a9ccba4eb5"
url = "https://github.com/rtk-ai/rtk/releases/download/v0.51.0/rtk-x86_64-unknown-linux-musl.tar.gz"
url_api = "https://api.github.com/repos/rtk-ai/rtk/releases/assets/605695141"

[tools.rtk."platforms.linux-x64-musl"]
checksum = "sha256:5028d3b19a8f0990d30fec9fbb07e32782bc5698e618fb1861aad8a9ccba4eb5"
url = "https://github.com/rtk-ai/rtk/releases/download/v0.51.0/rtk-x86_64-unknown-linux-musl.tar.gz"
url_api = "https://api.github.com/repos/rtk-ai/rtk/releases/assets/605695141"

[tools.rtk."platforms.macos-arm64"]
checksum = "sha256:8817d8b71afc02ac8bf06eb24bcc41c306592ab735b68e8fee9db1ba0de7cb59"
url = "https://github.com/rtk-ai/rtk/releases/download/v0.51.0/rtk-aarch64-apple-darwin.tar.gz"
url_api = "https://api.github.com/repos/rtk-ai/rtk/releases/assets/605695140"

[tools.rtk."platforms.macos-x64"]
checksum = "sha256:bd39c8153f4147358360c7dc51665a8131cc9ee16f81f69a9402ffa500be3cc2"
url = "https://github.com/rtk-ai/rtk/releases/download/v0.51.0/rtk-x86_64-apple-darwin.tar.gz"
url_api = "https://api.github.com/repos/rtk-ai/rtk/releases/assets/605695138"

[tools.rtk."platforms.windows-x64"]
checksum = "sha256:1623e9b45d28b15122d69e7314776e1123a804224885ce07e7182fb40080f05c"
url = "https://github.com/rtk-ai/rtk/releases/download/v0.51.0/rtk-x86_64-pc-windows-msvc.zip"
url_api = "https://api.github.com/repos/rtk-ai/rtk/releases/assets/605695127"

[[tools.starship]]
version = "1.26.0"
backend = "aqua:starship/starship"
specifiers = ["latest"]

[tools.starship."platforms.macos-arm64"]
checksum = "sha256:c40b27b11f580411e068f2fa6c1be7830a387c0bc47a94d1d37f32b054c5361d"
url = "https://github.com/starship/starship/releases/download/v1.26.0/starship-aarch64-apple-darwin.tar.gz"
url_api = "https://api.github.com/repos/starship/starship/releases/assets/460374577"

[[tools.uv]]
version = "0.12.21"
backend = "aqua:astral-sh/uv"
specifiers = ["latest"]

[tools.uv."platforms.linux-arm64"]
checksum = "sha256:030b69227b40af8c1981b7301793dc66e71ed3c796ea8688209dd268bd91ec51"
url = "https://github.com/astral-sh/uv/releases/download/0.12.21/uv-aarch64-unknown-linux-gnu.tar.gz"
url_api = "https://api.github.com/repos/astral-sh/uv/releases/assets/599237845"
provenance = "github-attestations"

[tools.uv."platforms.linux-arm64-musl"]
checksum = "sha256:67389a674e62adffa5a395d9a3b80688731c4aa7b33a6def3e62d00f7fec821f"
url = "https://github.com/astral-sh/uv/releases/download/0.12.21/uv-aarch64-unknown-linux-musl.tar.gz"
url_api = "https://api.github.com/repos/astral-sh/uv/releases/assets/599237864"
provenance = "github-attestations"

[tools.uv."platforms.linux-x64"]
checksum = "sha256:23f02075b652bb1df64178cfae41b5caf160822e720e2663568f3f5d63bc52c0"
url = "https://github.com/astral-sh/uv/releases/download/0.12.21/uv-x86_64-unknown-linux-gnu.tar.gz"
url_api = "https://api.github.com/repos/astral-sh/uv/releases/assets/599238020"
provenance = "github-attestations"

[tools.uv."platforms.linux-x64-musl"]
checksum = "sha256:d69d543a55ec9cdf9d3d9f2648b0a161847e3dbddc477e3be6b5813a6d46f639"
url = "https://github.com/astral-sh/uv/releases/download/0.12.21/uv-x86_64-unknown-linux-musl.tar.gz"
url_api = "https://api.github.com/repos/astral-sh/uv/releases/assets/599238034"
provenance = "github-attestations"

[tools.uv."platforms.macos-arm64"]
checksum = "sha256:b88bda573e566ef9bced66b155fe0408626fbbc053aee1c30ba686f0728c9447"
url = "https://github.com/astral-sh/uv/releases/download/0.12.21/uv-aarch64-apple-darwin.tar.gz"
url_api = "https://api.github.com/repos/astral-sh/uv/releases/assets/599237829"
provenance = "github-attestations"

[tools.uv."platforms.macos-x64"]
checksum = "sha256:2b336763b396ec6afa20c5a8b083538ca7402445b868311979d740a4344c17d8"
url = "https://github.com/astral-sh/uv/releases/download/0.12.21/uv-x86_64-apple-darwin.tar.gz"
url_api = "https://api.github.com/repos/astral-sh/uv/releases/assets/599237993"
provenance = "github-attestations"

[tools.uv."platforms.windows-x64"]
checksum = "sha256:5d223efa0bf00208c3853246af09420419dfbd352536aa6bb8163d6170e23890"
url = "https://github.com/astral-sh/uv/releases/download/0.12.21/uv-x86_64-pc-windows-msvc.zip"
url_api = "https://api.github.com/repos/astral-sh/uv/releases/assets/599238008"
provenance = "github-attestations"
