# @generated - this file is auto-generated by `mise lock` https://mise.jdx.dev/dev-tools/mise-lock.html

lockfile_version = 3

[[tools.atuin]]
version = "18.23.0"
backend = "aqua:atuinsh/atuin"
specifiers = ["latest"]

[tools.atuin."platforms.linux-arm64"]
checksum = "sha256:21869faff1fedb9f8fb27837136567b089bcd588d21252533d5b314605517ae2"
url = "https://github.com/atuinsh/atuin/releases/download/v18.23.0/atuin-aarch64-unknown-linux-gnu.tar.gz"
url_api = "https://api.github.com/repos/atuinsh/atuin/releases/assets/580134142"
provenance = "github-attestations"

[tools.atuin."platforms.linux-arm64-musl"]
checksum = "sha256:faf91adc71e6b661b21ed4f486babbd7af9d17363d4276da4a0251f83c72498d"
url = "https://github.com/atuinsh/atuin/releases/download/v18.23.0/atuin-aarch64-unknown-linux-musl.tar.gz"
url_api = "https://api.github.com/repos/atuinsh/atuin/releases/assets/580134145"
provenance = "github-attestations"

[tools.atuin."platforms.linux-x64"]
checksum = "sha256:5cf46e926b696a9b23a3c61ef3cb00f8f7c156d1d7b7967a3b51741653b48ba3"
url = "https://github.com/atuinsh/atuin/releases/download/v18.23.0/atuin-x86_64-unknown-linux-gnu.tar.gz"
url_api = "https://api.github.com/repos/atuinsh/atuin/releases/assets/580134239"
provenance = "github-attestations"

[tools.atuin."platforms.linux-x64-musl"]
checksum = "sha256:d1b40dd6e7cd3d823867ffe22b39a025bc420f7875926ae9ca974155378da14d"
url = "https://github.com/atuinsh/atuin/releases/download/v18.23.0/atuin-x86_64-unknown-linux-musl.tar.gz"
url_api = "https://api.github.com/repos/atuinsh/atuin/releases/assets/580134247"
provenance = "github-attestations"

[tools.atuin."platforms.macos-arm64"]
checksum = "sha256:c988be1cde19cd7295ce64bc8b955d42fb1855e5227cb640c87fc09c8408c3fc"
url = "https://github.com/atuinsh/atuin/releases/download/v18.23.0/atuin-aarch64-apple-darwin.tar.gz"
url_api = "https://api.github.com/repos/atuinsh/atuin/releases/assets/580134148"
provenance = "github-attestations"

[tools.atuin."platforms.windows-x64"]
checksum = "sha256:3e1c1282da39039a7ceb8e53c6b624dfb86200823559bbe80c0ace3d0baf09ae"
url = "https://github.com/atuinsh/atuin/releases/download/v18.23.0/atuin-x86_64-pc-windows-msvc.zip"
url_api = "https://api.github.com/repos/atuinsh/atuin/releases/assets/580134234"
provenance = "github-attestations"

[[tools.bat]]
version = "0.26.1"
backend = "aqua:sharkdp/bat"
specifiers = ["latest"]

[tools.bat."platforms.linux-arm64"]
checksum = "sha256:422eb73e11c854fddd99f5ca8461c2f1d6e6dce0a2a8c3d5daade5ffcb6564aa"
url = "https://github.com/sharkdp/bat/releases/download/v0.26.1/bat-v0.26.1-aarch64-unknown-linux-gnu.tar.gz"
url_api = "https://api.github.com/repos/sharkdp/bat/releases/assets/323548647"

[tools.bat."platforms.linux-arm64-musl"]
checksum = "sha256:6369242c584065f195fb20cb36fbd7cb63ae690605bbe89868a7596b596c2c23"
url = "https://github.com/sharkdp/bat/releases/download/v0.26.1/bat-v0.26.1-aarch64-unknown-linux-musl.tar.gz"
url_api = "https://api.github.com/repos/sharkdp/bat/releases/assets/323548153"

[tools.bat."platforms.linux-x64"]
checksum = "sha256:726f04c8f576a7fd18b7634f1bbf2f915c43494c1c0f013baa3287edb0d5a2a3"
url = "https://github.com/sharkdp/bat/releases/download/v0.26.1/bat-v0.26.1-x86_64-unknown-linux-gnu.tar.gz"
url_api = "https://api.github.com/repos/sharkdp/bat/releases/assets/323549181"

[tools.bat."platforms.linux-x64-musl"]
checksum = "sha256:0dcd8ac79732c0d5b136f11f4ee00e581440e16a44eab5b3105b611bbf2cf191"
url = "https://github.com/sharkdp/bat/releases/download/v0.26.1/bat-v0.26.1-x86_64-unknown-linux-musl.tar.gz"
url_api = "https://api.github.com/repos/sharkdp/bat/releases/assets/323549429"

[tools.bat."platforms.macos-arm64"]
checksum = "sha256:e30beff26779c9bf60bb541e1d79046250cb74378f2757f8eb250afddb19e114"
url = "https://github.com/sharkdp/bat/releases/download/v0.26.1/bat-v0.26.1-aarch64-apple-darwin.tar.gz"
url_api = "https://api.github.com/repos/sharkdp/bat/releases/assets/323548442"

[tools.bat."platforms.macos-x64"]
checksum = "sha256:830d63b0bba1fa040542ec569e3cf77f60d3356b9de75116a344b061e0894245"
url = "https://github.com/sharkdp/bat/releases/download/v0.26.1/bat-v0.26.1-x86_64-apple-darwin.tar.gz"
url_api = "https://api.github.com/repos/sharkdp/bat/releases/assets/323549786"

[tools.bat."platforms.windows-x64"]
checksum = "sha256:0f729b4b6f5f28d395c641eacc2e9ff68d0096b85aa0eec344aa62425144b69b"
url = "https://github.com/sharkdp/bat/releases/download/v0.26.1/bat-v0.26.1-x86_64-pc-windows-msvc.zip"
url_api = "https://api.github.com/repos/sharkdp/bat/releases/assets/323549116"

[[tools.claude-code]]
version = "2.1.285"
backend = "aqua:anthropics/claude-code"
specifiers = ["latest"]

[tools.claude-code."platforms.linux-arm64"]
checksum = "sha256:39bd977cb57144ba41ad165e4cca540e9b4b58199df79dd96fa7002be7086923"
url = "https://github.com/anthropics/claude-code/releases/download/v2.1.285/claude-linux-arm64.tar.gz"
url_api = "https://api.github.com/repos/anthropics/claude-code/releases/assets/598796735"

[tools.claude-code."platforms.linux-arm64-musl"]
checksum = "sha256:80bf3d397325d770f7d0b64a73ba92a1af85981f17b64be7b264648dbf4310ae"
url = "https://github.com/anthropics/claude-code/releases/download/v2.1.285/claude-linux-arm64-musl.tar.gz"
url_api = "https://api.github.com/repos/anthropics/claude-code/releases/assets/598796732"

[tools.claude-code."platforms.linux-x64"]
checksum = "sha256:0cde844749a50c0f717a2b123d5771629d5c9a270c9203c81ac120a716444b36"
url = "https://github.com/anthropics/claude-code/releases/download/v2.1.285/claude-linux-x64.tar.gz"
url_api = "https://api.github.com/repos/anthropics/claude-code/releases/assets/598796905"

[tools.claude-code."platforms.linux-x64-musl"]
checksum = "sha256:bf3633c8800377b67074dc200f6f45079644e34e416eb5735c2cd96b8cf8f4c6"
url = "https://github.com/anthropics/claude-code/releases/download/v2.1.285/claude-linux-x64-musl.tar.gz"
url_api = "https://api.github.com/repos/anthropics/claude-code/releases/assets/598796736"

[tools.claude-code."platforms.macos-arm64"]
checksum = "sha256:3b1c9984a63193c7758b66c8769781428139935200c38e6462339cf4da463d78"
url = "https://github.com/anthropics/claude-code/releases/download/v2.1.285/claude-darwin-arm64.tar.gz"
url_api = "https://api.github.com/repos/anthropics/claude-code/releases/assets/598796737"

[tools.claude-code."platforms.macos-x64"]
checksum = "sha256:8cab1b4d2b6f3aeb4f4f5ed99f6fb4a51ef6198f4d8deffe6c4a835c4bdb5c09"
url = "https://github.com/anthropics/claude-code/releases/download/v2.1.285/claude-darwin-x64.tar.gz"
url_api = "https://api.github.com/repos/anthropics/claude-code/releases/assets/598796734"

[tools.claude-code."platforms.windows-x64"]
checksum = "sha256:f2763c6b50f479cda3748d38af6fa7a5512b592d72dd24631bc99d307e5f343f"
url = "https://github.com/anthropics/claude-code/releases/download/v2.1.285/claude-win32-x64.zip"
url_api = "https://api.github.com/repos/anthropics/claude-code/releases/assets/598796929"

[[tools.codex]]
version = "0.159.2"
backend = "aqua:openai/codex"
specifiers = ["latest"]

[tools.codex."platforms.linux-arm64"]
checksum = "sha256:05a524a463cadf7e3e22c7f923539c0d0b74c3e78b1f5f1fab52e50e6fb3312f"
url = "https://github.com/openai/codex/releases/download/rust-v0.159.2/codex-package-aarch64-unknown-linux-musl.tar.gz"
url_api = "https://api.github.com/repos/openai/codex/releases/assets/599529372"

[tools.codex."platforms.linux-arm64-musl"]
checksum = "sha256:05a524a463cadf7e3e22c7f923539c0d0b74c3e78b1f5f1fab52e50e6fb3312f"
url = "https://github.com/openai/codex/releases/download/rust-v0.159.2/codex-package-aarch64-unknown-linux-musl.tar.gz"
url_api = "https://api.github.com/repos/openai/codex/releases/assets/599529372"

[tools.codex."platforms.linux-x64"]
checksum = "sha256:9e2d29a713b94478b240dec2f10e11324cd05fad76dc43e7c639bdf8a1337a6b"
url = "https://github.com/openai/codex/releases/download/rust-v0.159.2/codex-package-x86_64-unknown-linux-musl.tar.gz"
url_api = "https://api.github.com/repos/openai/codex/releases/assets/599522399"

[tools.codex."platforms.linux-x64-musl"]
checksum = "sha256:9e2d29a713b94478b240dec2f10e11324cd05fad76dc43e7c639bdf8a1337a6b"
url = "https://github.com/openai/codex/releases/download/rust-v0.159.2/codex-package-x86_64-unknown-linux-musl.tar.gz"
url_api = "https://api.github.com/repos/openai/codex/releases/assets/599522399"

[tools.codex."platforms.macos-arm64"]
checksum = "sha256:38aaf6dce63099fd10988948d03bbc6c0474253aef6961fcbe60f8d154b39101"
url = "https://github.com/openai/codex/releases/download/rust-v0.159.2/codex-package-aarch64-apple-darwin.tar.gz"
url_api = "https://api.github.com/repos/openai/codex/releases/assets/599532693"

[tools.codex."platforms.macos-x64"]
checksum = "sha256:6b9b38bfad6ac8019aa6a243ee3ab11d3e22889eafd5458b0344cf20e797e680"
url = "https://github.com/openai/codex/releases/download/rust-v0.159.2/codex-package-x86_64-apple-darwin.tar.gz"
url_api = "https://api.github.com/repos/openai/codex/releases/assets/599526520"

[tools.codex."platforms.windows-x64"]
checksum = "sha256:a7ab591043d99e8a88d0c2bebf15f810b15599a71148c4af944a755af3c71eef"
url = "https://github.com/openai/codex/releases/download/rust-v0.159.2/codex-package-x86_64-pc-windows-msvc.tar.gz"
url_api = "https://api.github.com/repos/openai/codex/releases/assets/599523828"

[[tools.delta]]
version = "0.19.2"
backend = "aqua:dandavison/delta"
specifiers = ["latest"]

[tools.delta."platforms.linux-arm64"]
checksum = "sha256:0bfce159a5cddd5feb3d6db4a616d883ff51253ce08ac7ec11cb1d208cfaab9e"
url = "https://github.com/dandavison/delta/releases/download/0.19.2/delta-0.19.2-aarch64-unknown-linux-gnu.tar.gz"
url_api = "https://api.github.com/repos/dandavison/delta/releases/assets/383662337"

[tools.delta."platforms.linux-x64"]
checksum = "sha256:8e695c5f586a8c53d6c3b01be0b4a422ed218bfed2a56191caebe373a1c18ab2"
url = "https://github.com/dandavison/delta/releases/download/0.19.2/delta-0.19.2-x86_64-unknown-linux-gnu.tar.gz"
url_api = "https://api.github.com/repos/dandavison/delta/releases/assets/383662069"

[tools.delta."platforms.linux-x64-musl"]
checksum = "sha256:f1ea01ca7728ce3462debc359f39dfc7cbbc1a63224b71fefabf92042864aa1b"
url = "https://github.com/dandavison/delta/releases/download/0.19.2/delta-0.19.2-x86_64-unknown-linux-musl.tar.gz"
url_api = "https://api.github.com/repos/dandavison/delta/releases/assets/383662298"

[tools.delta."platforms.macos-arm64"]
checksum = "sha256:9be36612a5a13e9e386dc498fb8e50dc87c72ee42b63db0ea05b32f99a72a69a"
url = "https://github.com/dandavison/delta/releases/download/0.19.2/delta-0.19.2-aarch64-apple-darwin.tar.gz"
url_api = "https://api.github.com/repos/dandavison/delta/releases/assets/383662310"

[tools.delta."platforms.windows-x64"]
checksum = "sha256:ac8ebb4a9f1cbee8b9ea897ba119808a244181adae6f3bed1f3b6b923c50b557"
url = "https://github.com/dandavison/delta/releases/download/0.19.2/delta-0.19.2-x86_64-pc-windows-msvc.zip"
url_api = "https://api.github.com/repos/dandavison/delta/releases/assets/383663165"

[[tools.eza]]
version = "0.23.5"
backend = "vfox:jdx/vfox-eza"
specifiers = ["latest"]

[tools.eza."platforms.linux-arm64"]
url = "https://github.com/eza-community/eza/releases/download/v0.23.5/eza_aarch64-unknown-linux-gnu.tar.gz"

[tools.eza."platforms.linux-arm64-musl"]
url = "https://github.com/eza-community/eza/releases/download/v0.23.5/eza_aarch64-unknown-linux-gnu.tar.gz"

[tools.eza."platforms.linux-x64"]
url = "https://github.com/eza-community/eza/releases/download/v0.23.5/eza_x86_64-unknown-linux-gnu.tar.gz"

[tools.eza."platforms.linux-x64-musl"]
url = "https://github.com/eza-community/eza/releases/download/v0.23.5/eza_x86_64-unknown-linux-gnu.tar.gz"

[tools.eza."platforms.macos-arm64"]
url = "https://github.com/cargo-bins/cargo-quickinstall/releases/download/eza-0.23.5/eza-0.23.5-aarch64-apple-darwin.tar.gz"

[tools.eza."platforms.macos-x64"]
url = "https://github.com/cargo-bins/cargo-quickinstall/releases/download/eza-0.23.5/eza-0.23.5-x86_64-apple-darwin.tar.gz"

[tools.eza."platforms.windows-x64"]
url = "https://github.com/eza-community/eza/releases/download/v0.23.5/eza.exe_x86_64-pc-windows-gnu.tar.gz"

[[tools.fd]]
version = "10.5.0"
backend = "aqua:sharkdp/fd"
specifiers = ["latest"]

[tools.fd."platforms.linux-arm64"]
checksum = "sha256:c0ee43802e3313a317c5af2f4eabd6ba13eeedd595af9775f05e18a13ac4f52c"
url = "https://github.com/sharkdp/fd/releases/download/v10.5.0/fd-v10.5.0-aarch64-unknown-linux-gnu.tar.gz"
url_api = "https://api.github.com/repos/sharkdp/fd/releases/assets/530482307"

[tools.fd."platforms.linux-arm64-musl"]
checksum = "sha256:d76c4317f7d5dba69f8a2a15856c90c777e7f0dd4e85f0de8c76de6992c374d4"
url = "https://github.com/sharkdp/fd/releases/download/v10.5.0/fd-v10.5.0-aarch64-unknown-linux-musl.tar.gz"
url_api = "https://api.github.com/repos/sharkdp/fd/releases/assets/530481810"

[tools.fd."platforms.linux-x64"]
checksum = "sha256:a1259cd129636efbc3fef123525c1b49e88fe5088c012630983c310e52fdfa95"
url = "https://github.com/sharkdp/fd/releases/download/v10.5.0/fd-v10.5.0-x86_64-unknown-linux-gnu.tar.gz"
url_api = "https://api.github.com/repos/sharkdp/fd/releases/assets/530481615"

[tools.fd."platforms.linux-x64-musl"]
checksum = "sha256:761c72dc8e120d85b22292063be8a796e2eeb20eb3e4f38b8fa2343ccf3514a7"
url = "https://github.com/sharkdp/fd/releases/download/v10.5.0/fd-v10.5.0-x86_64-unknown-linux-musl.tar.gz"
url_api = "https://api.github.com/repos/sharkdp/fd/releases/assets/530481315"

[tools.fd."platforms.macos-arm64"]
checksum = "sha256:b67e1836c468e42e411984b56e52fa7abec08c2bd22c867398e7cc134aac5e12"
url = "https://github.com/sharkdp/fd/releases/download/v10.5.0/fd-v10.5.0-aarch64-apple-darwin.tar.gz"
url_api = "https://api.github.com/repos/sharkdp/fd/releases/assets/530481346"

[tools.fd."platforms.macos-x64"]
checksum = "sha256:7e31028c62c6955877735d0406807aa484c2a5e6f86235a59e26c29c301da590"
url = "https://github.com/sharkdp/fd/releases/download/v10.5.0/fd-v10.5.0-x86_64-apple-darwin.tar.gz"
url_api = "https://api.github.com/repos/sharkdp/fd/releases/assets/530484719"

[tools.fd."platforms.windows-x64"]
checksum = "sha256:a227701b8551c35a9931d9f6da75503cf86d88e182d71fb849a70864c5d57cd7"
url = "https://github.com/sharkdp/fd/releases/download/v10.5.0/fd-v10.5.0-x86_64-pc-windows-msvc.zip"
url_api = "https://api.github.com/repos/sharkdp/fd/releases/assets/530482901"

[[tools.fzf]]
version = "0.74.4"
backend = "aqua:junegunn/fzf"
specifiers = ["latest"]

[tools.fzf."platforms.linux-arm64"]
checksum = "sha256:5d673b849f494f0d64ec471d8640b153ca8849e3846a31da17abdcfce8df6b46"
url = "https://github.com/junegunn/fzf/releases/download/v0.74.4/fzf-0.74.4-linux_arm64.tar.gz"
url_api = "https://api.github.com/repos/junegunn/fzf/releases/assets/558287789"

[tools.fzf."platforms.linux-arm64-musl"]
checksum = "sha256:5d673b849f494f0d64ec471d8640b153ca8849e3846a31da17abdcfce8df6b46"
url = "https://github.com/junegunn/fzf/releases/download/v0.74.4/fzf-0.74.4-linux_arm64.tar.gz"
url_api = "https://api.github.com/repos/junegunn/fzf/releases/assets/558287789"

[tools.fzf."platforms.linux-x64"]
checksum = "sha256:05e6813a337cc722c3ed07e54a764b75cc5d671e2e60459db0ba696ee5fa7504"
url = "https://github.com/junegunn/fzf/releases/download/v0.74.4/fzf-0.74.4-linux_amd64.tar.gz"
url_api = "https://api.github.com/repos/junegunn/fzf/releases/assets/558287768"

[tools.fzf."platforms.linux-x64-musl"]
checksum = "sha256:05e6813a337cc722c3ed07e54a764b75cc5d671e2e60459db0ba696ee5fa7504"
url = "https://github.com/junegunn/fzf/releases/download/v0.74.4/fzf-0.74.4-linux_amd64.tar.gz"
url_api = "https://api.github.com/repos/junegunn/fzf/releases/assets/558287768"

[tools.fzf."platforms.macos-arm64"]
checksum = "sha256:4f6a113bfc0c7959e0005c78d566a51afc4fcefc956f43735c62a9deb19e92ae"
url = "https://github.com/junegunn/fzf/releases/download/v0.74.4/fzf-0.74.4-darwin_arm64.tar.gz"
url_api = "https://api.github.com/repos/junegunn/fzf/releases/assets/558287774"

[tools.fzf."platforms.macos-x64"]
checksum = "sha256:2d392b50be66e2ab104ccd52a6072df692b1f9b9c5b449a9c098de885f32c4c5"
url = "https://github.com/junegunn/fzf/releases/download/v0.74.4/fzf-0.74.4-darwin_amd64.tar.gz"
url_api = "https://api.github.com/repos/junegunn/fzf/releases/assets/558287717"

[tools.fzf."platforms.windows-x64"]
checksum = "sha256:5e63c0e798406fcb9c51a9fed4988398e25fdabf8c670e32c16caf7b4a7ed02d"
url = "https://github.com/junegunn/fzf/releases/download/v0.74.4/fzf-0.74.4-windows_amd64.zip"
url_api = "https://api.github.com/repos/junegunn/fzf/releases/assets/558287758"

[[tools.gh]]
version = "2.101.0"
backend = "aqua:cli/cli"
specifiers = ["latest"]

[tools.gh."platforms.linux-arm64"]
checksum = "sha256:b57e8063f18862647c9d22727c32e9da1b963f8bf9db648fe123a6975695640f"
url = "https://github.com/cli/cli/releases/download/v2.101.0/gh_2.101.0_linux_arm64.tar.gz"
url_api = "https://api.github.com/repos/cli/cli/releases/assets/565857147"
provenance = "github-attestations"

[tools.gh."platforms.linux-arm64-musl"]
checksum = "sha256:b57e8063f18862647c9d22727c32e9da1b963f8bf9db648fe123a6975695640f"
url = "https://github.com/cli/cli/releases/download/v2.101.0/gh_2.101.0_linux_arm64.tar.gz"
url_api = "https://api.github.com/repos/cli/cli/releases/assets/565857147"
provenance = "github-attestations"

[tools.gh."platforms.linux-x64"]
checksum = "sha256:9bca2d1c16825f109907a23307628a2f0698fbf99662b73a5cf0b020293072b8"
url = "https://github.com/cli/cli/releases/download/v2.101.0/gh_2.101.0_linux_amd64.tar.gz"
url_api = "https://api.github.com/repos/cli/cli/releases/assets/565857134"
provenance = "github-attestations"

[tools.gh."platforms.linux-x64-musl"]
checksum = "sha256:9bca2d1c16825f109907a23307628a2f0698fbf99662b73a5cf0b020293072b8"
url = "https://github.com/cli/cli/releases/download/v2.101.0/gh_2.101.0_linux_amd64.tar.gz"
url_api = "https://api.github.com/repos/cli/cli/releases/assets/565857134"
provenance = "github-attestations"

[tools.gh."platforms.macos-arm64"]
checksum = "sha256:e4303e39d8f07141c4bad4b99b01079f05029c59b27076e8fbc825c985ecdd8b"
url = "https://github.com/cli/cli/releases/download/v2.101.0/gh_2.101.0_macOS_arm64.zip"
url_api = "https://api.github.com/repos/cli/cli/releases/assets/565857200"
provenance = "github-attestations"

[tools.gh."platforms.macos-x64"]
checksum = "sha256:a6fd66c88e2f07d6e4e058173db341d07dd74d58cf8f19ae668293d2bb614ca3"
url = "https://github.com/cli/cli/releases/download/v2.101.0/gh_2.101.0_macOS_amd64.zip"
url_api = "https://api.github.com/repos/cli/cli/releases/assets/565857203"
provenance = "github-attestations"

[tools.gh."platforms.windows-x64"]
checksum = "sha256:bc6c814367b193cd8e713611d61e36013c0ef843b8f516458fe3eda039192794"
url = "https://github.com/cli/cli/releases/download/v2.101.0/gh_2.101.0_windows_amd64.zip"
url_api = "https://api.github.com/repos/cli/cli/releases/assets/565857681"
provenance = "github-attestations"

[[tools.gitui]]
version = "0.28.1"
backend = "aqua:gitui-org/gitui"
specifiers = ["latest"]

[tools.gitui."platforms.linux-arm64"]
checksum = "sha256:2a640da05b73e9152a7bf92bfd7c23acd9d60438f4f2cabb62357014a5fd7c28"
url = "https://github.com/gitui-org/gitui/releases/download/v0.28.1/gitui-linux-aarch64.tar.gz"
url_api = "https://api.github.com/repos/gitui-org/gitui/releases/assets/380791456"

[tools.gitui."platforms.linux-arm64-musl"]
checksum = "sha256:2a640da05b73e9152a7bf92bfd7c23acd9d60438f4f2cabb62357014a5fd7c28"
url = "https://github.com/gitui-org/gitui/releases/download/v0.28.1/gitui-linux-aarch64.tar.gz"
url_api = "https://api.github.com/repos/gitui-org/gitui/releases/assets/380791456"

[tools.gitui."platforms.linux-x64"]
checksum = "sha256:f6149b9ae203397158b0c89c13cfde718e7121d3d3cd2ebc597f93d6628d9b5b"
url = "https://github.com/gitui-org/gitui/releases/download/v0.28.1/gitui-linux-x86_64.tar.gz"
url_api = "https://api.github.com/repos/gitui-org/gitui/releases/assets/380787855"

[tools.gitui."platforms.linux-x64-musl"]
checksum = "sha256:f6149b9ae203397158b0c89c13cfde718e7121d3d3cd2ebc597f93d6628d9b5b"
url = "https://github.com/gitui-org/gitui/releases/download/v0.28.1/gitui-linux-x86_64.tar.gz"
url_api = "https://api.github.com/repos/gitui-org/gitui/releases/assets/380787855"

[tools.gitui."platforms.macos-arm64"]
checksum = "sha256:3b519a593383841289361bacf579d4a222169aa7ebbdeae6cc449d488d8bb967"
url = "https://github.com/gitui-org/gitui/releases/download/v0.28.1/gitui-mac.tar.gz"
url_api = "https://api.github.com/repos/gitui-org/gitui/releases/assets/380793603"

[tools.gitui."platforms.macos-x64"]
checksum = "sha256:3b519a593383841289361bacf579d4a222169aa7ebbdeae6cc449d488d8bb967"
url = "https://github.com/gitui-org/gitui/releases/download/v0.28.1/gitui-mac.tar.gz"
url_api = "https://api.github.com/repos/gitui-org/gitui/releases/assets/380793603"

[tools.gitui."platforms.windows-x64"]
checksum = "sha256:fab116ccdf9ae4e17378db912d76cc26e60aefd2226f44e665120dea166867e4"
url = "https://github.com/gitui-org/gitui/releases/download/v0.28.1/gitui-win.tar.gz"
url_api = "https://api.github.com/repos/gitui-org/gitui/releases/assets/380810989"

[[tools.jq]]
version = "1.8.2"
backend = "aqua:jqlang/jq"
specifiers = ["latest"]

[tools.jq."platforms.linux-arm64"]
checksum = "sha256:8b85c817833814ddca00a144c33705546355afccf0cf39b188f3cdb48b852309"
url = "https://github.com/jqlang/jq/releases/download/jq-1.8.2/jq-linux-arm64"
url_api = "https://api.github.com/repos/jqlang/jq/releases/assets/453012756"
provenance = "github-attestations"

[tools.jq."platforms.linux-arm64-musl"]
checksum = "sha256:8b85c817833814ddca00a144c33705546355afccf0cf39b188f3cdb48b852309"
url = "https://github.com/jqlang/jq/releases/download/jq-1.8.2/jq-linux-arm64"
url_api = "https://api.github.com/repos/jqlang/jq/releases/assets/453012756"
provenance = "github-attestations"

[tools.jq."platforms.linux-x64"]
checksum = "sha256:b1c22172dd303f3be49e935aa56aa48a8b7a46e0bc838b4997d3bb451495870f"
url = "https://github.com/jqlang/jq/releases/download/jq-1.8.2/jq-linux-amd64"
url_api = "https://api.github.com/repos/jqlang/jq/releases/assets/453012752"
provenance = "github-attestations"

[tools.jq."platforms.linux-x64-musl"]
checksum = "sha256:b1c22172dd303f3be49e935aa56aa48a8b7a46e0bc838b4997d3bb451495870f"
url = "https://github.com/jqlang/jq/releases/download/jq-1.8.2/jq-linux-amd64"
url_api = "https://api.github.com/repos/jqlang/jq/releases/assets/453012752"
provenance = "github-attestations"

[tools.jq."platforms.macos-arm64"]
checksum = "sha256:2d75340ba57a4b4b4c8708a21c2dc8e958a48aaa8bba13b27f77f6e4c0eca07e"
url = "https://github.com/jqlang/jq/releases/download/jq-1.8.2/jq-macos-arm64"
url_api = "https://api.github.com/repos/jqlang/jq/releases/assets/453012783"
provenance = "github-attestations"

[tools.jq."platforms.macos-x64"]
checksum = "sha256:e94b266e3c26690550006abe63152b782280f4e14374accdf04cbde844f00bc0"
url = "https://github.com/jqlang/jq/releases/download/jq-1.8.2/jq-macos-amd64"
url_api = "https://api.github.com/repos/jqlang/jq/releases/assets/453012782"
provenance = "github-attestations"

[tools.jq."platforms.windows-x64"]
checksum = "sha256:a6fc67fedaf9128a3309a1e2ebb8b986aeccf70122ee46d2cb4849e423f0c627"
url = "https://github.com/jqlang/jq/releases/download/jq-1.8.2/jq-windows-amd64.exe"
url_api = "https://api.github.com/repos/jqlang/jq/releases/assets/453012788"
provenance = "github-attestations"

[[tools.mole]]
version = "1.56.0"
backend = "github:tw93/Mole"
specifiers = ["latest"]

[tools.mole.options]
additional_asset_patterns = 'binaries-darwin-{{ arch(x64="amd64") }}.tar.gz'
url = "https://github.com/tw93/Mole/archive/refs/tags/V{{ version }}.tar.gz"
version_prefix = "V"

[tools.mole."platforms.macos-arm64"]
checksum = "blake3:f778f1375e378df0699a420376e3a3248245d8524a5b06533de6f3f231a840dd"
url = "https://github.com/tw93/Mole/archive/refs/tags/V1.56.0.tar.gz"
url_api = "https://github.com/tw93/Mole/archive/refs/tags/V1.56.0.tar.gz"

[[tools.mole."platforms.macos-arm64".additional_artifacts]]
checksum = "sha256:a357fed26305e00e73d9dce87a7bd4edb16797ff3a88f4a26900df78bf35be38"
url = "https://github.com/tw93/Mole/releases/download/V1.56.0/binaries-darwin-arm64.tar.gz"
url_api = "https://api.github.com/repos/tw93/Mole/releases/assets/587614141"
provenance = "github-attestations"

[tools.mole."platforms.macos-x64"]
url = "https://github.com/tw93/Mole/archive/refs/tags/V1.56.0.tar.gz"
url_api = "https://github.com/tw93/Mole/archive/refs/tags/V1.56.0.tar.gz"

[[tools.mole."platforms.macos-x64".additional_artifacts]]
checksum = "sha256:15495ddfdae716e13635227758b61cfa4b5f22350a7192436ab9486b71d69f38"
url = "https://github.com/tw93/Mole/releases/download/V1.56.0/binaries-darwin-amd64.tar.gz"
url_api = "https://api.github.com/repos/tw93/Mole/releases/assets/587614140"
provenance = "github-attestations"

[[tools.mole]]
version = "1.56.0"
backend = "github:tw93/Mole"
specifiers = ["latest"]

[tools.mole.options]
additional_asset_patterns = 'binaries-darwin-{{ arch(x64="amd64") }}.tar.gz'
version_prefix = "V"

[[tools.neovim]]
version = "0.12.5"
backend = "vfox:mise-plugins/vfox-neovim"
specifiers = ["latest"]

[tools.neovim."platforms.linux-arm64"]
checksum = "sha256:1aa5ca085249580ae0f91eb14f27ec0919773ff2d99a163d03f3d6c21ac29725"
url = "https://github.com/neovim/neovim/releases/download/v0.12.5/nvim-linux-arm64.tar.gz"

[tools.neovim."platforms.linux-arm64-musl"]
checksum = "sha256:1aa5ca085249580ae0f91eb14f27ec0919773ff2d99a163d03f3d6c21ac29725"
url = "https://github.com/neovim/neovim/releases/download/v0.12.5/nvim-linux-arm64.tar.gz"

[tools.neovim."platforms.linux-x64"]
checksum = "sha256:bce0f56eda1f1b1db6eee8f4133d7a38813ea07933837dd1777411ca384c6875"
url = "https://github.com/neovim/neovim/releases/download/v0.12.5/nvim-linux-x86_64.tar.gz"

[tools.neovim."platforms.linux-x64-musl"]
checksum = "sha256:bce0f56eda1f1b1db6eee8f4133d7a38813ea07933837dd1777411ca384c6875"
url = "https://github.com/neovim/neovim/releases/download/v0.12.5/nvim-linux-x86_64.tar.gz"

[tools.neovim."platforms.macos-arm64"]
checksum = "sha256:65fb000099e47ca1b762584c484cc833f40e30851a0ec450d4174e16317c1f9b"
url = "https://github.com/neovim/neovim/releases/download/v0.12.5/nvim-macos-arm64.tar.gz"

[tools.neovim."platforms.macos-x64"]
checksum = "sha256:81f4518622cb059b450ee2e498c6a1082a222f6bd89589de5bbcf0c6a68aa3fd"
url = "https://github.com/neovim/neovim/releases/download/v0.12.5/nvim-macos-x86_64.tar.gz"

[tools.neovim."platforms.windows-x64"]
checksum = "sha256:de8625ba8cf65ebf40eb80a388ba1ec8e9c15b30218821e2c639119b05920de1"
url = "https://github.com/neovim/neovim/releases/download/v0.12.5/nvim-win64.zip"

[[tools.node]]
version = "24.21.0"
backend = "core:node"
specifiers = ["lts"]

[tools.node."platforms.linux-arm64"]
checksum = "sha256:724282c3b43aec998aa9527380465b45d229e021b58035f5f4f63095eabfe5d5"
url = "https://nodejs.org/dist/v24.21.0/node-v24.21.0-linux-arm64.tar.gz"

[tools.node."platforms.linux-arm64-musl"]
checksum = "sha256:3048b0811e158ca0d8672b59c839861763e144492980d8d29b369dfee45747e4"
url = "https://unofficial-builds.nodejs.org/download/release/v24.21.0/node-v24.21.0-linux-arm64-musl.tar.gz"

[tools.node."platforms.linux-x64"]
checksum = "sha256:6e1db87ef58b8819e5d5402eff1536491b18edd8eb7bee5ef7897876e88dc5ff"
url = "https://nodejs.org/dist/v24.21.0/node-v24.21.0-linux-x64.tar.gz"

[tools.node."platforms.linux-x64-musl"]
checksum = "sha256:01a713e34da98e7b4d2a3191ee7ca3f93dd0384d1a2ef23c379b2161ee6e133a"
url = "https://unofficial-builds.nodejs.org/download/release/v24.21.0/node-v24.21.0-linux-x64-musl.tar.gz"

[tools.node."platforms.macos-arm64"]
checksum = "sha256:bed7eea5325e1108f32ce5228ddd6a5f0f08a499ee42aa7442aea583702f6057"
url = "https://nodejs.org/dist/v24.21.0/node-v24.21.0-darwin-arm64.tar.gz"

[tools.node."platforms.macos-x64"]
checksum = "sha256:1462cb3b3046b815cf8ea436d3da450ec1a9f11dac7e5a46b0ada5305d7e8097"
url = "https://nodejs.org/dist/v24.21.0/node-v24.21.0-darwin-x64.tar.gz"

[tools.node."platforms.windows-x64"]
checksum = "sha256:158f7685b44de51f6c0df1d153526cbcd3e1bc739a8dfc607721cef75de9e541"
url = "https://nodejs.org/dist/v24.21.0/node-v24.21.0-win-x64.zip"

[[tools.pi]]
version = "0.99.1"
backend = "aqua:earendil-works/pi"
specifiers = ["latest"]

[tools.pi."platforms.linux-arm64"]
checksum = "sha256:e632a9e55bc86525ffd0f71d09185d630883f64b9cfc858f731d1edc92716954"
url = "https://github.com/earendil-works/pi/releases/download/v0.99.1/pi-linux-arm64.tar.gz"
url_api = "https://api.github.com/repos/earendil-works/pi/releases/assets/598875657"

[tools.pi."platforms.linux-arm64-musl"]
checksum = "sha256:e632a9e55bc86525ffd0f71d09185d630883f64b9cfc858f731d1edc92716954"
url = "https://github.com/earendil-works/pi/releases/download/v0.99.1/pi-linux-arm64.tar.gz"
url_api = "https://api.github.com/repos/earendil-works/pi/releases/assets/598875657"

[tools.pi."platforms.linux-x64"]
checksum = "sha256:c81b9a367bb2985fa45a2c0d4f12b147acc43655683910a5abf937fe22208425"
url = "https://github.com/earendil-works/pi/releases/download/v0.99.1/pi-linux-x64.tar.gz"
url_api = "https://api.github.com/repos/earendil-works/pi/releases/assets/598875655"

[tools.pi."platforms.linux-x64-musl"]
checksum = "sha256:c81b9a367bb2985fa45a2c0d4f12b147acc43655683910a5abf937fe22208425"
url = "https://github.com/earendil-works/pi/releases/download/v0.99.1/pi-linux-x64.tar.gz"
url_api = "https://api.github.com/repos/earendil-works/pi/releases/assets/598875655"

[tools.pi."platforms.macos-arm64"]
checksum = "sha256:4692aba1dcd48219b61edb4ecebc3c33f6199ebe65299228fce5ba69c31a23a6"
url = "https://github.com/earendil-works/pi/releases/download/v0.99.1/pi-darwin-arm64.tar.gz"
url_api = "https://api.github.com/repos/earendil-works/pi/releases/assets/598875653"

[tools.pi."platforms.macos-x64"]
checksum = "sha256:9ad6fc356f4d08b9d10e8a6f929ac1ba4908dd533544ba989c54c73b92b53e13"
url = "https://github.com/earendil-works/pi/releases/download/v0.99.1/pi-darwin-x64.tar.gz"
url_api = "https://api.github.com/repos/earendil-works/pi/releases/assets/598875656"

[tools.pi."platforms.windows-x64"]
checksum = "sha256:7e5c2971c0be6019a8b89edc5e3f0efb4cbdeb0ac236fd3a3307c1f62057528f"
url = "https://github.com/earendil-works/pi/releases/download/v0.99.1/pi-windows-x64.zip"
url_api = "https://api.github.com/repos/earendil-works/pi/releases/assets/598875680"

[[tools.ripgrep]]
version = "15.2.0"
backend = "aqua:BurntSushi/ripgrep"
specifiers = ["latest"]

[tools.ripgrep."platforms.linux-arm64"]
checksum = "sha256:a740b91c82eaf9914cfedd353572f2791cbe0162c84101ee0951058f4dcbc90d"
url = "https://github.com/BurntSushi/ripgrep/releases/download/15.2.0/ripgrep-15.2.0-aarch64-unknown-linux-gnu.tar.gz"
url_api = "https://api.github.com/repos/BurntSushi/ripgrep/releases/assets/478119579"

[tools.ripgrep."platforms.linux-arm64-musl"]
checksum = "sha256:800b1e7206afe799dfb5a6901f23147cfaabe0e52210538100f61e86e1740915"
url = "https://github.com/BurntSushi/ripgrep/releases/download/15.2.0/ripgrep-15.2.0-aarch64-unknown-linux-musl.tar.gz"
url_api = "https://api.github.com/repos/BurntSushi/ripgrep/releases/assets/478120060"

[tools.ripgrep."platforms.linux-x64"]
checksum = "sha256:33e15bcf1624b25cdd2a55813a47a2f95dbe126268203e76aa6a585d1e7b149c"
url = "https://github.com/BurntSushi/ripgrep/releases/download/15.2.0/ripgrep-15.2.0-x86_64-unknown-linux-musl.tar.gz"
url_api = "https://api.github.com/repos/BurntSushi/ripgrep/releases/assets/478120097"

[tools.ripgrep."platforms.linux-x64-musl"]
checksum = "sha256:33e15bcf1624b25cdd2a55813a47a2f95dbe126268203e76aa6a585d1e7b149c"
url = "https://github.com/BurntSushi/ripgrep/releases/download/15.2.0/ripgrep-15.2.0-x86_64-unknown-linux-musl.tar.gz"
url_api = "https://api.github.com/repos/BurntSushi/ripgrep/releases/assets/478120097"

[tools.ripgrep."platforms.macos-arm64"]
checksum = "sha256:3750b2e93f37e0c692657da574d7019a101c0084da05a790c83fd335bad973e4"
url = "https://github.com/BurntSushi/ripgrep/releases/download/15.2.0/ripgrep-15.2.0-aarch64-apple-darwin.tar.gz"
url_api = "https://api.github.com/repos/BurntSushi/ripgrep/releases/assets/478118851"

[tools.ripgrep."platforms.macos-x64"]
checksum = "sha256:af7825fcc69a2afc7a7aea55fc9af90e26421d8f20fe59df32e233c0b8a231c1"
url = "https://github.com/BurntSushi/ripgrep/releases/download/15.2.0/ripgrep-15.2.0-x86_64-apple-darwin.tar.gz"
url_api = "https://api.github.com/repos/BurntSushi/ripgrep/releases/assets/478119585"

[tools.ripgrep."platforms.windows-x64"]
checksum = "sha256:71b2fef860abe467217a538ff31de02f5258807c0129f771846f87bd029aafc5"
url = "https://github.com/BurntSushi/ripgrep/releases/download/15.2.0/ripgrep-15.2.0-x86_64-pc-windows-msvc.zip"
url_api = "https://api.github.com/repos/BurntSushi/ripgrep/releases/assets/478119643"

[[tools.rtk]]
version = "0.50.0"
backend = "aqua:rtk-ai/rtk"
specifiers = ["latest"]

[tools.rtk."platforms.linux-arm64"]
checksum = "sha256:d1cc49dfa2cd443fc32625444b59fe616b6c80478cca210985118347174dd758"
url = "https://github.com/rtk-ai/rtk/releases/download/v0.50.0/rtk-aarch64-unknown-linux-gnu.tar.gz"
url_api = "https://api.github.com/repos/rtk-ai/rtk/releases/assets/585679946"

[tools.rtk."platforms.linux-x64"]
checksum = "sha256:bc2b8902b0d9c796c82ef45f16ae2307e17757afeca5ee156235a3dc7bda5f89"
url = "https://github.com/rtk-ai/rtk/releases/download/v0.50.0/rtk-x86_64-unknown-linux-musl.tar.gz"
url_api = "https://api.github.com/repos/rtk-ai/rtk/releases/assets/585679953"

[tools.rtk."platforms.linux-x64-musl"]
checksum = "sha256:bc2b8902b0d9c796c82ef45f16ae2307e17757afeca5ee156235a3dc7bda5f89"
url = "https://github.com/rtk-ai/rtk/releases/download/v0.50.0/rtk-x86_64-unknown-linux-musl.tar.gz"
url_api = "https://api.github.com/repos/rtk-ai/rtk/releases/assets/585679953"

[tools.rtk."platforms.macos-arm64"]
checksum = "sha256:fe54761a9950266e3a78ddb66a8af5e067251169da306a288e0751de63d836fe"
url = "https://github.com/rtk-ai/rtk/releases/download/v0.50.0/rtk-aarch64-apple-darwin.tar.gz"
url_api = "https://api.github.com/repos/rtk-ai/rtk/releases/assets/585679940"

[tools.rtk."platforms.macos-x64"]
checksum = "sha256:ac23e20024ab3c71e7f50069f8b34190aec1b2d8f0c2cc19834039b3dac73373"
url = "https://github.com/rtk-ai/rtk/releases/download/v0.50.0/rtk-x86_64-apple-darwin.tar.gz"
url_api = "https://api.github.com/repos/rtk-ai/rtk/releases/assets/585679941"

[tools.rtk."platforms.windows-x64"]
checksum = "sha256:cb03399305135dd59ee23eb59a3260ccdeea5a8e08fbc7a271b115b85583a6c9"
url = "https://github.com/rtk-ai/rtk/releases/download/v0.50.0/rtk-x86_64-pc-windows-msvc.zip"
url_api = "https://api.github.com/repos/rtk-ai/rtk/releases/assets/585679942"

[[tools.shellcheck]]
version = "0.11.0"
backend = "aqua:koalaman/shellcheck"
specifiers = ["latest"]

[tools.shellcheck."platforms.linux-arm64"]
checksum = "sha256:12b331c1d2db6b9eb13cfca64306b1b157a86eb69db83023e261eaa7e7c14588"
url = "https://github.com/koalaman/shellcheck/releases/download/v0.11.0/shellcheck-v0.11.0.linux.aarch64.tar.xz"
url_api = "https://api.github.com/repos/koalaman/shellcheck/releases/assets/279056934"

[tools.shellcheck."platforms.linux-arm64-musl"]
checksum = "sha256:12b331c1d2db6b9eb13cfca64306b1b157a86eb69db83023e261eaa7e7c14588"
url = "https://github.com/koalaman/shellcheck/releases/download/v0.11.0/shellcheck-v0.11.0.linux.aarch64.tar.xz"
url_api = "https://api.github.com/repos/koalaman/shellcheck/releases/assets/279056934"

[tools.shellcheck."platforms.linux-x64"]
checksum = "sha256:8c3be12b05d5c177a04c29e3c78ce89ac86f1595681cab149b65b97c4e227198"
url = "https://github.com/koalaman/shellcheck/releases/download/v0.11.0/shellcheck-v0.11.0.linux.x86_64.tar.xz"
url_api = "https://api.github.com/repos/koalaman/shellcheck/releases/assets/279056942"

[tools.shellcheck."platforms.linux-x64-musl"]
checksum = "sha256:8c3be12b05d5c177a04c29e3c78ce89ac86f1595681cab149b65b97c4e227198"
url = "https://github.com/koalaman/shellcheck/releases/download/v0.11.0/shellcheck-v0.11.0.linux.x86_64.tar.xz"
url_api = "https://api.github.com/repos/koalaman/shellcheck/releases/assets/279056942"

[tools.shellcheck."platforms.macos-arm64"]
checksum = "sha256:56affdd8de5527894dca6dc3d7e0a99a873b0f004d7aabc30ae407d3f48b0a79"
url = "https://github.com/koalaman/shellcheck/releases/download/v0.11.0/shellcheck-v0.11.0.darwin.aarch64.tar.xz"
url_api = "https://api.github.com/repos/koalaman/shellcheck/releases/assets/279056932"

[tools.shellcheck."platforms.macos-x64"]
checksum = "sha256:3c89db4edcab7cf1c27bff178882e0f6f27f7afdf54e859fa041fca10febe4c6"
url = "https://github.com/koalaman/shellcheck/releases/download/v0.11.0/shellcheck-v0.11.0.darwin.x86_64.tar.xz"
url_api = "https://api.github.com/repos/koalaman/shellcheck/releases/assets/279056930"

[tools.shellcheck."platforms.windows-x64"]
checksum = "sha256:8a4e35ab0b331c85d73567b12f2a444df187f483e5079ceffa6bda1faa2e740e"
url = "https://github.com/koalaman/shellcheck/releases/download/v0.11.0/shellcheck-v0.11.0.zip"
url_api = "https://api.github.com/repos/koalaman/shellcheck/releases/assets/279056944"

[[tools.starship]]
version = "1.26.0"
backend = "aqua:starship/starship"
specifiers = ["latest"]

[tools.starship."platforms.linux-arm64"]
checksum = "sha256:dc30189378d2f2e287384e8a692d3f95ad1df64cf0e8c36aa9201516028aed6b"
url = "https://github.com/starship/starship/releases/download/v1.26.0/starship-aarch64-unknown-linux-musl.tar.gz"
url_api = "https://api.github.com/repos/starship/starship/releases/assets/460374586"

[tools.starship."platforms.linux-arm64-musl"]
checksum = "sha256:dc30189378d2f2e287384e8a692d3f95ad1df64cf0e8c36aa9201516028aed6b"
url = "https://github.com/starship/starship/releases/download/v1.26.0/starship-aarch64-unknown-linux-musl.tar.gz"
url_api = "https://api.github.com/repos/starship/starship/releases/assets/460374586"

[tools.starship."platforms.linux-x64"]
checksum = "sha256:321f0dd7af8340a5f2e6a8fec6538a04f617486f9ec70d878f91c09cd8deef22"
url = "https://github.com/starship/starship/releases/download/v1.26.0/starship-x86_64-unknown-linux-gnu.tar.gz"
url_api = "https://api.github.com/repos/starship/starship/releases/assets/460374620"

[tools.starship."platforms.linux-x64-musl"]
checksum = "sha256:b7c232b0e8249d8e55a40beb79c5c43a7d370f3f9408bd215deb0170daeaadf3"
url = "https://github.com/starship/starship/releases/download/v1.26.0/starship-x86_64-unknown-linux-musl.tar.gz"
url_api = "https://api.github.com/repos/starship/starship/releases/assets/460374630"

[tools.starship."platforms.macos-arm64"]
checksum = "sha256:c40b27b11f580411e068f2fa6c1be7830a387c0bc47a94d1d37f32b054c5361d"
url = "https://github.com/starship/starship/releases/download/v1.26.0/starship-aarch64-apple-darwin.tar.gz"
url_api = "https://api.github.com/repos/starship/starship/releases/assets/460374577"

[tools.starship."platforms.macos-x64"]
checksum = "sha256:5548f406a4b6f5695903bdea83f77ce47ec12c8c0e62dabd33122d8f133e4207"
url = "https://github.com/starship/starship/releases/download/v1.26.0/starship-x86_64-apple-darwin.tar.gz"
url_api = "https://api.github.com/repos/starship/starship/releases/assets/460374608"

[tools.starship."platforms.windows-x64"]
checksum = "sha256:690021e22f2bf2c57d5867dc0fababe5e55e714c26942bd909ffddb6c5df42f2"
url = "https://github.com/starship/starship/releases/download/v1.26.0/starship-x86_64-pc-windows-msvc.zip"
url_api = "https://api.github.com/repos/starship/starship/releases/assets/460374615"

[[tools.superfile]]
version = "1.6.0"
backend = "aqua:yorukot/superfile"
specifiers = ["latest"]

[tools.superfile."platforms.linux-arm64"]
checksum = "sha256:2e8150dab1a139e3a081bd74a9c775155e8d0241c34ae3f8d30817a3df1b8f06"
url = "https://github.com/yorukot/superfile/releases/download/v1.6.0/superfile-linux-v1.6.0-arm64.tar.gz"
url_api = "https://api.github.com/repos/yorukot/superfile/releases/assets/441063678"

[tools.superfile."platforms.linux-arm64-musl"]
checksum = "sha256:2e8150dab1a139e3a081bd74a9c775155e8d0241c34ae3f8d30817a3df1b8f06"
url = "https://github.com/yorukot/superfile/releases/download/v1.6.0/superfile-linux-v1.6.0-arm64.tar.gz"
url_api = "https://api.github.com/repos/yorukot/superfile/releases/assets/441063678"

[tools.superfile."platforms.linux-x64"]
checksum = "sha256:d45b0e95072629a6aa7983a84eedca9cd7a98861e67ef91be1415496e3dda309"
url = "https://github.com/yorukot/superfile/releases/download/v1.6.0/superfile-linux-v1.6.0-amd64.tar.gz"
url_api = "https://api.github.com/repos/yorukot/superfile/releases/assets/441063702"

[tools.superfile."platforms.linux-x64-musl"]
checksum = "sha256:d45b0e95072629a6aa7983a84eedca9cd7a98861e67ef91be1415496e3dda309"
url = "https://github.com/yorukot/superfile/releases/download/v1.6.0/superfile-linux-v1.6.0-amd64.tar.gz"
url_api = "https://api.github.com/repos/yorukot/superfile/releases/assets/441063702"

[tools.superfile."platforms.macos-arm64"]
checksum = "sha256:131f654e7f8366fd37dbe9363739f8d82e57ff3f632f45963cd233c049cfad2a"
url = "https://github.com/yorukot/superfile/releases/download/v1.6.0/superfile-darwin-v1.6.0-arm64.tar.gz"
url_api = "https://api.github.com/repos/yorukot/superfile/releases/assets/441063713"

[tools.superfile."platforms.macos-x64"]
checksum = "sha256:c08544196ff21fc415ae7cffc800d8400914af647e44eb2613968c09d5868d90"
url = "https://github.com/yorukot/superfile/releases/download/v1.6.0/superfile-darwin-v1.6.0-amd64.tar.gz"
url_api = "https://api.github.com/repos/yorukot/superfile/releases/assets/441063718"

[tools.superfile."platforms.windows-x64"]
checksum = "sha256:4264a84d38c5d13804960a5da9ea8dedb8a00439e2612d6b8a28699836ed0143"
url = "https://github.com/yorukot/superfile/releases/download/v1.6.0/superfile-windows-v1.6.0-amd64.zip"
url_api = "https://api.github.com/repos/yorukot/superfile/releases/assets/441063664"

[[tools.tree-sitter]]
version = "0.27.0"
backend = "aqua:tree-sitter/tree-sitter"
specifiers = ["latest"]

[tools.tree-sitter."platforms.linux-arm64"]
checksum = "sha256:3a35a2dd961ad842384e982c75daf792c01d1a67e442fc3914d4de37bd8a59cb"
url = "https://github.com/tree-sitter/tree-sitter/releases/download/v0.27.0/tree-sitter-linux-arm64.gz"
url_api = "https://api.github.com/repos/tree-sitter/tree-sitter/releases/assets/536857304"
provenance = "github-attestations"

[tools.tree-sitter."platforms.linux-arm64-musl"]
checksum = "sha256:3a35a2dd961ad842384e982c75daf792c01d1a67e442fc3914d4de37bd8a59cb"
url = "https://github.com/tree-sitter/tree-sitter/releases/download/v0.27.0/tree-sitter-linux-arm64.gz"
url_api = "https://api.github.com/repos/tree-sitter/tree-sitter/releases/assets/536857304"
provenance = "github-attestations"

[tools.tree-sitter."platforms.linux-x64"]
checksum = "sha256:20a1f39ec1c45f2211492dcb8881c802b643b554bb196869a29ac3778277fa77"
url = "https://github.com/tree-sitter/tree-sitter/releases/download/v0.27.0/tree-sitter-linux-x64.gz"
url_api = "https://api.github.com/repos/tree-sitter/tree-sitter/releases/assets/536857303"
provenance = "github-attestations"

[tools.tree-sitter."platforms.linux-x64-musl"]
checksum = "sha256:20a1f39ec1c45f2211492dcb8881c802b643b554bb196869a29ac3778277fa77"
url = "https://github.com/tree-sitter/tree-sitter/releases/download/v0.27.0/tree-sitter-linux-x64.gz"
url_api = "https://api.github.com/repos/tree-sitter/tree-sitter/releases/assets/536857303"
provenance = "github-attestations"

[tools.tree-sitter."platforms.macos-arm64"]
checksum = "sha256:70f7573b2b2e5371a5b58cc5227d2ad981fd5374596b9874e770af486060774e"
url = "https://github.com/tree-sitter/tree-sitter/releases/download/v0.27.0/tree-sitter-macos-arm64.gz"
url_api = "https://api.github.com/repos/tree-sitter/tree-sitter/releases/assets/536857317"
provenance = "github-attestations"

[tools.tree-sitter."platforms.macos-x64"]
checksum = "sha256:767528eaab3cca9d929fb96b4cb11cc9f03e09e293675151875c0fe5f79c06f0"
url = "https://github.com/tree-sitter/tree-sitter/releases/download/v0.27.0/tree-sitter-macos-x64.gz"
url_api = "https://api.github.com/repos/tree-sitter/tree-sitter/releases/assets/536857318"
provenance = "github-attestations"

[tools.tree-sitter."platforms.windows-x64"]
checksum = "sha256:2d6c014b4e91d3d302ba7b30b3b625914027c3861ae7817e068a273e3f034550"
url = "https://github.com/tree-sitter/tree-sitter/releases/download/v0.27.0/tree-sitter-windows-x64.gz"
url_api = "https://api.github.com/repos/tree-sitter/tree-sitter/releases/assets/536857325"
provenance = "github-attestations"

[[tools.uv]]
version = "0.12.19"
backend = "aqua:astral-sh/uv"
specifiers = ["latest"]

[tools.uv."platforms.linux-arm64"]
checksum = "sha256:0804e9b164c64b6914182d5920c08551958a095986f10a3731056df701126436"
url = "https://github.com/astral-sh/uv/releases/download/0.12.19/uv-aarch64-unknown-linux-gnu.tar.gz"
url_api = "https://api.github.com/repos/astral-sh/uv/releases/assets/587158851"
provenance = "github-attestations"

[tools.uv."platforms.linux-arm64-musl"]
checksum = "sha256:ad8d8448a2ff642ba62c2f684d7dd22a03f8eb3fc9918c2c3e8ec975f4ed6710"
url = "https://github.com/astral-sh/uv/releases/download/0.12.19/uv-aarch64-unknown-linux-musl.tar.gz"
url_api = "https://api.github.com/repos/astral-sh/uv/releases/assets/587158874"
provenance = "github-attestations"

[tools.uv."platforms.linux-x64"]
checksum = "sha256:23bf5552d220e0842b65c862097b2ebaeba0064b74eda5e565e77fd25969d8c8"
url = "https://github.com/astral-sh/uv/releases/download/0.12.19/uv-x86_64-unknown-linux-gnu.tar.gz"
url_api = "https://api.github.com/repos/astral-sh/uv/releases/assets/587159011"
provenance = "github-attestations"

[tools.uv."platforms.linux-x64-musl"]
checksum = "sha256:db7278c9f57981338fddff1fb250e11964bc0a4fafcb9eed8303fdb117dc067b"
url = "https://github.com/astral-sh/uv/releases/download/0.12.19/uv-x86_64-unknown-linux-musl.tar.gz"
url_api = "https://api.github.com/repos/astral-sh/uv/releases/assets/587159021"
provenance = "github-attestations"

[tools.uv."platforms.macos-arm64"]
checksum = "sha256:a9a8df1eedeb192f2e47e40e2faabfb387db4b850209118786d42f89dde3e0ba"
url = "https://github.com/astral-sh/uv/releases/download/0.12.19/uv-aarch64-apple-darwin.tar.gz"
url_api = "https://api.github.com/repos/astral-sh/uv/releases/assets/587158826"
provenance = "github-attestations"

[tools.uv."platforms.macos-x64"]
checksum = "sha256:cb5fa57bafe68fc0fb94b17f06bee0b0b9a7feb94ccbd110445afa0696e39273"
url = "https://github.com/astral-sh/uv/releases/download/0.12.19/uv-x86_64-apple-darwin.tar.gz"
url_api = "https://api.github.com/repos/astral-sh/uv/releases/assets/587158992"
provenance = "github-attestations"

[tools.uv."platforms.windows-x64"]
checksum = "sha256:6dbb02d79e419522f1c500f0adb1cddcff0cda7d59b0d66ea7f5e3b4a1b2f5f0"
url = "https://github.com/astral-sh/uv/releases/download/0.12.19/uv-x86_64-pc-windows-msvc.zip"
url_api = "https://api.github.com/repos/astral-sh/uv/releases/assets/587159002"
provenance = "github-attestations"

[[tools.zoxide]]
version = "0.10.0"
backend = "aqua:ajeetdsouza/zoxide"
specifiers = ["latest"]

[tools.zoxide."platforms.linux-arm64"]
checksum = "sha256:f1f16c5d6298d63dee467eedea1cdcd8490e43e493bea43acd416dc9033ef641"
url = "https://github.com/ajeetdsouza/zoxide/releases/download/v0.10.0/zoxide-0.10.0-aarch64-unknown-linux-musl.tar.gz"
url_api = "https://api.github.com/repos/ajeetdsouza/zoxide/releases/assets/466316402"

[tools.zoxide."platforms.linux-arm64-musl"]
checksum = "sha256:f1f16c5d6298d63dee467eedea1cdcd8490e43e493bea43acd416dc9033ef641"
url = "https://github.com/ajeetdsouza/zoxide/releases/download/v0.10.0/zoxide-0.10.0-aarch64-unknown-linux-musl.tar.gz"
url_api = "https://api.github.com/repos/ajeetdsouza/zoxide/releases/assets/466316402"

[tools.zoxide."platforms.linux-x64"]
checksum = "sha256:2d93385b99f3e82cf2701609a1bffcad863fbeb75aa3fe7eb6be4d29be68b1ae"
url = "https://github.com/ajeetdsouza/zoxide/releases/download/v0.10.0/zoxide-0.10.0-x86_64-unknown-linux-musl.tar.gz"
url_api = "https://api.github.com/repos/ajeetdsouza/zoxide/releases/assets/466316293"

[tools.zoxide."platforms.linux-x64-musl"]
checksum = "sha256:2d93385b99f3e82cf2701609a1bffcad863fbeb75aa3fe7eb6be4d29be68b1ae"
url = "https://github.com/ajeetdsouza/zoxide/releases/download/v0.10.0/zoxide-0.10.0-x86_64-unknown-linux-musl.tar.gz"
url_api = "https://api.github.com/repos/ajeetdsouza/zoxide/releases/assets/466316293"

[tools.zoxide."platforms.macos-arm64"]
checksum = "sha256:b55ae6f2f5f23d0a6ccb3bd4eeb2af9c7e0a6556e5255c82100e40305129bbb0"
url = "https://github.com/ajeetdsouza/zoxide/releases/download/v0.10.0/zoxide-0.10.0-aarch64-apple-darwin.tar.gz"
url_api = "https://api.github.com/repos/ajeetdsouza/zoxide/releases/assets/466316174"

[tools.zoxide."platforms.macos-x64"]
checksum = "sha256:18ab7ae2633ad6e2ab79a4e665cbba1e95b7c872d44523326efb793202451dad"
url = "https://github.com/ajeetdsouza/zoxide/releases/download/v0.10.0/zoxide-0.10.0-x86_64-apple-darwin.tar.gz"
url_api = "https://api.github.com/repos/ajeetdsouza/zoxide/releases/assets/466316167"

[tools.zoxide."platforms.windows-x64"]
checksum = "sha256:f465ae548f8754c8e7edbc60b45fbf58c92bfe123db83d790252d6810fa5daf1"
url = "https://github.com/ajeetdsouza/zoxide/releases/download/v0.10.0/zoxide-0.10.0-x86_64-pc-windows-msvc.zip"
url_api = "https://api.github.com/repos/ajeetdsouza/zoxide/releases/assets/466316769"
