# @generated - this file is auto-generated by `mise lock` https://mise.jdx.dev/dev-tools/mise-lock.html

lockfile_version = 3

[[tools.claude-code]]
version = "2.1.296"
backend = "aqua:anthropics/claude-code"
specifiers = ["latest"]

[tools.claude-code."platforms.macos-arm64"]
checksum = "sha256:60f97cde7f7e078b424138e34ecf1ad620bd81ac3866984fb8996623a36a052e"
url = "https://github.com/anthropics/claude-code/releases/download/v2.1.296/claude-darwin-arm64.tar.gz"
url_api = "https://api.github.com/repos/anthropics/claude-code/releases/assets/625598716"

[[tools.codex]]
version = "0.162.1"
backend = "aqua:openai/codex"
specifiers = ["latest"]

[tools.codex."platforms.macos-arm64"]
checksum = "sha256:88e37ccddf5a0f4ea9dc1be13c66a2a94f9c2d1a04f3ace9053d71b3939e885d"
url = "https://github.com/openai/codex/releases/download/rust-v0.162.1/codex-package-aarch64-apple-darwin.tar.gz"
url_api = "https://api.github.com/repos/openai/codex/releases/assets/625989262"

[[tools.neovim]]
version = "0.12.6"
backend = "aqua:neovim/neovim"
specifiers = ["latest"]

[tools.neovim."platforms.macos-arm64"]
checksum = "sha256:1dbd148222b051ba6c307c4d17a318ed083df018a4f6a5a0ce46955ffc9ab87b"
url = "https://github.com/neovim/neovim/releases/download/v0.12.6/nvim-macos-arm64.tar.gz"
url_api = "https://api.github.com/repos/neovim/neovim/releases/assets/625399162"

[[tools.node]]
version = "24.21.0"
backend = "core:node"
specifiers = ["lts"]

[tools.node."platforms.linux-arm64"]
checksum = "sha256:724282c3b43aec998aa9527380465b45d229e021b58035f5f4f63095eabfe5d5"
url = "https://nodejs.org/dist/v24.21.0/node-v24.21.0-linux-arm64.tar.gz"

[tools.node."platforms.linux-arm64-musl"]
checksum = "sha256:3048b0811e158ca0d8672b59c839861763e144492980d8d29b369dfee45747e4"
url = "https://unofficial-builds.nodejs.org/download/release/v24.21.0/node-v24.21.0-linux-arm64-musl.tar.gz"

[tools.node."platforms.linux-x64"]
checksum = "sha256:6e1db87ef58b8819e5d5402eff1536491b18edd8eb7bee5ef7897876e88dc5ff"
url = "https://nodejs.org/dist/v24.21.0/node-v24.21.0-linux-x64.tar.gz"

[tools.node."platforms.linux-x64-musl"]
checksum = "sha256:01a713e34da98e7b4d2a3191ee7ca3f93dd0384d1a2ef23c379b2161ee6e133a"
url = "https://unofficial-builds.nodejs.org/download/release/v24.21.0/node-v24.21.0-linux-x64-musl.tar.gz"

[tools.node."platforms.macos-arm64"]
checksum = "sha256:bed7eea5325e1108f32ce5228ddd6a5f0f08a499ee42aa7442aea583702f6057"
url = "https://nodejs.org/dist/v24.21.0/node-v24.21.0-darwin-arm64.tar.gz"

[tools.node."platforms.macos-x64"]
checksum = "sha256:1462cb3b3046b815cf8ea436d3da450ec1a9f11dac7e5a46b0ada5305d7e8097"
url = "https://nodejs.org/dist/v24.21.0/node-v24.21.0-darwin-x64.tar.gz"

[tools.node."platforms.windows-x64"]
checksum = "sha256:158f7685b44de51f6c0df1d153526cbcd3e1bc739a8dfc607721cef75de9e541"
url = "https://nodejs.org/dist/v24.21.0/node-v24.21.0-win-x64.zip"

[[tools.pi]]
version = "1.1.0"
backend = "aqua:earendil-works/pi"
specifiers = ["latest"]

[tools.pi."platforms.macos-arm64"]
checksum = "sha256:3455b13de35c15a5893cdebc922678199e90a7ce99b06cbc23f37860e90d63c7"
url = "https://github.com/earendil-works/pi/releases/download/v1.1.0/pi-darwin-arm64.tar.gz"
url_api = "https://api.github.com/repos/earendil-works/pi/releases/assets/619962801"

[[tools.uv]]
version = "0.12.23"
backend = "aqua:astral-sh/uv"
specifiers = ["latest"]

[tools.uv."platforms.macos-arm64"]
checksum = "sha256:50487ae565ccd96e499056b4674d438f4c53170202617b4c759defe0c6a1b544"
url = "https://github.com/astral-sh/uv/releases/download/0.12.23/uv-aarch64-apple-darwin.tar.gz"
url_api = "https://api.github.com/repos/astral-sh/uv/releases/assets/608232483"
provenance = "github-attestations"
