# @generated - this file is auto-generated by `mise lock` https://mise.jdx.dev/dev-tools/mise-lock.html

[[tools.node]]
version = "24.20.0"
backend = "core:node"

[tools.node."platforms.linux-arm64"]
checksum = "sha256:3515603e2487879a39bc75716f1a2affd027500c64ba50e845cf72cb33219013"
url = "https://nodejs.org/dist/v24.20.0/node-v24.20.0-linux-arm64.tar.gz"

[tools.node."platforms.linux-arm64-musl"]
checksum = "sha256:2c8c507ccb0f20812d9526ba8ca454b1652aadef68fc8bad06f07fb1122dd1ef"
url = "https://unofficial-builds.nodejs.org/download/release/v24.20.0/node-v24.20.0-linux-arm64-musl.tar.gz"

[tools.node."platforms.linux-x64"]
checksum = "sha256:855d581f8a4eb1a8117e3426de25fe02770592febcfb31369aee1ffbfee9e8ec"
url = "https://nodejs.org/dist/v24.20.0/node-v24.20.0-linux-x64.tar.gz"

[tools.node."platforms.linux-x64-musl"]
checksum = "sha256:9ae1399fef4bd8990e15773ce1327b336a20b9e97d8c7549f4f42ca73c43f562"
url = "https://unofficial-builds.nodejs.org/download/release/v24.20.0/node-v24.20.0-linux-x64-musl.tar.gz"

[tools.node."platforms.macos-arm64"]
checksum = "sha256:40e5607e5ecb3db9192723776da2d75d966260fc74a7a9e731c1bd67dda96bc8"
url = "https://nodejs.org/dist/v24.20.0/node-v24.20.0-darwin-arm64.tar.gz"

[tools.node."platforms.macos-x64"]
checksum = "sha256:9e5b2644cf107befb6aefca676b96d3296bc10138096f022ed378d6233ed81f4"
url = "https://nodejs.org/dist/v24.20.0/node-v24.20.0-darwin-x64.tar.gz"

[tools.node."platforms.windows-x64"]
checksum = "sha256:6cac9ffbca8f6a47091e4b5c772e0606049c3871cb67d900c0cedde630e545ba"
url = "https://nodejs.org/dist/v24.20.0/node-v24.20.0-win-x64.zip"

[[tools.tmux]]
version = "3.7b"
backend = "aqua:tmux/tmux-builds"

[tools.tmux."platforms.linux-arm64"]
checksum = "sha256:b2955782695283fbc3682a2f77d65616f53b986ee3cf3d80618d3b1cb95b91a6"
url = "https://github.com/tmux/tmux-builds/releases/download/v3.7b/tmux-3.7b-linux-arm64.tar.gz"
url_api = "https://api.github.com/repos/tmux/tmux-builds/releases/assets/465072868"

[tools.tmux."platforms.linux-arm64-musl"]
checksum = "sha256:b2955782695283fbc3682a2f77d65616f53b986ee3cf3d80618d3b1cb95b91a6"
url = "https://github.com/tmux/tmux-builds/releases/download/v3.7b/tmux-3.7b-linux-arm64.tar.gz"
url_api = "https://api.github.com/repos/tmux/tmux-builds/releases/assets/465072868"

[tools.tmux."platforms.linux-x64"]
checksum = "sha256:f85e6c1c412750a774eb3f370f33bad05fc726fb8b6a0b174ad6f0b6d954df58"
url = "https://github.com/tmux/tmux-builds/releases/download/v3.7b/tmux-3.7b-linux-x86_64.tar.gz"
url_api = "https://api.github.com/repos/tmux/tmux-builds/releases/assets/465072866"

[tools.tmux."platforms.linux-x64-musl"]
checksum = "sha256:f85e6c1c412750a774eb3f370f33bad05fc726fb8b6a0b174ad6f0b6d954df58"
url = "https://github.com/tmux/tmux-builds/releases/download/v3.7b/tmux-3.7b-linux-x86_64.tar.gz"
url_api = "https://api.github.com/repos/tmux/tmux-builds/releases/assets/465072866"

[tools.tmux."platforms.macos-arm64"]
checksum = "sha256:ee66dbcd49613eb41dc6b2f3abc5cd39d9135d67b7dfef1fdb180a3dbdc01f1e"
url = "https://github.com/tmux/tmux-builds/releases/download/v3.7b/tmux-3.7b-macos-arm64.tar.gz"
url_api = "https://api.github.com/repos/tmux/tmux-builds/releases/assets/465072864"

[tools.tmux."platforms.macos-x64"]
checksum = "sha256:ea90f0d8e8998cf5a3a5921e985685844a13a7c3b5779f36870bd98b7f147fe6"
url = "https://github.com/tmux/tmux-builds/releases/download/v3.7b/tmux-3.7b-macos-x86_64.tar.gz"
url_api = "https://api.github.com/repos/tmux/tmux-builds/releases/assets/465072865"

[[tools."ubi:charmbracelet/freeze"]]
version = "0.2.2"
backend = "ubi:charmbracelet/freeze"

[tools."ubi:charmbracelet/freeze"."platforms.macos-arm64-freeze"]
checksum = "blake3:d9f20a0ac18317d7ce5ed6feba04179faba676e5a71a3a05b0758fca1ac61e56"

[[tools.uv]]
version = "0.12.7"
backend = "aqua:astral-sh/uv"

[tools.uv."platforms.linux-arm64"]
checksum = "sha256:66393193038dd7eb108abd7a218d9cec04ac70ab98242b0720fa94de19223b7c"
url = "https://github.com/astral-sh/uv/releases/download/0.12.7/uv-aarch64-unknown-linux-gnu.tar.gz"
url_api = "https://api.github.com/repos/astral-sh/uv/releases/assets/532935189"
provenance = "github-attestations"

[tools.uv."platforms.linux-arm64-musl"]
checksum = "sha256:6dcf60e3c085de88ace3671b949ca99f0652be561ff5627f0d21394140f041db"
url = "https://github.com/astral-sh/uv/releases/download/0.12.7/uv-aarch64-unknown-linux-musl.tar.gz"
url_api = "https://api.github.com/repos/astral-sh/uv/releases/assets/532935192"
provenance = "github-attestations"

[tools.uv."platforms.linux-x64"]
checksum = "sha256:788f18abea7c5f55d6216e4f5613fd89d4d59b631efeec117b2b07fe72f1da21"
url = "https://github.com/astral-sh/uv/releases/download/0.12.7/uv-x86_64-unknown-linux-gnu.tar.gz"
url_api = "https://api.github.com/repos/astral-sh/uv/releases/assets/532935280"
provenance = "github-attestations"

[tools.uv."platforms.linux-x64-musl"]
checksum = "sha256:3d64d44ed67da7908dc7f5c4d64ebb44bad326fa17f8a0a52fc9a7793017bbe1"
url = "https://github.com/astral-sh/uv/releases/download/0.12.7/uv-x86_64-unknown-linux-musl.tar.gz"
url_api = "https://api.github.com/repos/astral-sh/uv/releases/assets/532935287"
provenance = "github-attestations"

[tools.uv."platforms.macos-arm64"]
checksum = "sha256:127ebdda7ad953cdf198e964b570ea5771b85467ea93eb7cb6d6f8e6f55408f3"
url = "https://github.com/astral-sh/uv/releases/download/0.12.7/uv-aarch64-apple-darwin.tar.gz"
url_api = "https://api.github.com/repos/astral-sh/uv/releases/assets/532935178"
provenance = "github-attestations"

[tools.uv."platforms.macos-x64"]
checksum = "sha256:06b8ae1da8c2661c5434507a66f8c2b0b835933bf955b5958a9ac357a37d1959"
url = "https://github.com/astral-sh/uv/releases/download/0.12.7/uv-x86_64-apple-darwin.tar.gz"
url_api = "https://api.github.com/repos/astral-sh/uv/releases/assets/532935264"
provenance = "github-attestations"

[tools.uv."platforms.windows-x64"]
checksum = "sha256:bf1518af459a3915511a11fdc6e2f43ef9a2afa138b9d498eeb9642fe9d85218"
url = "https://github.com/astral-sh/uv/releases/download/0.12.7/uv-x86_64-pc-windows-msvc.zip"
url_api = "https://api.github.com/repos/astral-sh/uv/releases/assets/532935273"
provenance = "github-attestations"
